<?xml version="1.0" encoding="utf-8"?>
<Project ToolsVersion="4.0" xmlns="http://schemas.microsoft.com/developer/msbuild/2003">
  <ItemGroup>
    <ClCompile Include="base64.cpp">
      <Filter>source</Filter>
    </ClCompile>
    <ClCompile Include="nShelle.cpp" />
    <ClCompile Include="Utils.cpp">
      <Filter>source</Filter>
    </ClCompile>
  </ItemGroup>
  <ItemGroup>
    <ClInclude Include="base64.h">
      <Filter>headers</Filter>
    </ClInclude>
    <ClInclude Include="Utils.h">
      <Filter>headers</Filter>
    </ClInclude>
    <ClInclude Include="obfuscator.h">
      <Filter>headers</Filter>
    </ClInclude>
    <ClInclude Include="meta_random.h">
      <Filter>headers</Filter>
    </ClInclude>
  </ItemGroup>
  <ItemGroup>
    <Filter Include="headers">
      <UniqueIdentifier>{be25eb46-f088-47d1-b9a3-6a4fa0173fe2}</UniqueIdentifier>
    </Filter>
    <Filter Include="source">
      <UniqueIdentifier>{e10ab028-e060-424c-bbb0-fedafbbefc9a}</UniqueIdentifier>
    </Filter>
  </ItemGroup>
</Project>